
Microsoft Visual Studio Solution File, Format Version 12.00
# Visual Studio Version 17
VisualStudioVersion = 17.4.33205.214
MinimumVisualStudioVersion = 10.0.40219.1
Project("{FAE04EC0-301F-11D3-BF4B-00C04F79EFBC}") = "DesignPattern", "DesignPattern\DesignPattern.csproj", "{D81D5CBE-E74D-41E5-A72F-2989D8C3E964}"
EndProject
Project("{2150E333-8FDC-42A3-9474-1A3956D46DE8}") = "001_CreationalDesignPattern", "001_CreationalDesignPattern", "{B4F7DA83-7A77-406D-BFD4-56B05ED9D5FF}"
EndProject
Project("{2150E333-8FDC-42A3-9474-1A3956D46DE8}") = "002_StructuralDesignPattern", "002_StructuralDesignPattern", "{33AA4221-BA36-4DA7-90D0-9F405B7FF2B1}"
EndProject
Project("{2150E333-8FDC-42A3-9474-1A3956D46DE8}") = "003_BehaviouralDesignPattern", "003_BehaviouralDesignPattern", "{A2335759-7B1B-4DAF-BB68-F4B27BBE5FB7}"
EndProject
Project("{2150E333-8FDC-42A3-9474-1A3956D46DE8}") = "001_SingletonDesignPattern", "001_SingletonDesignPattern", "{2A4DDBE8-6AB8-4A94-A1A6-F07CD71582C5}"
EndProject
Project("{2150E333-8FDC-42A3-9474-1A3956D46DE8}") = "002_PrototypeDesignPattern", "002_PrototypeDesignPattern", "{5016C83C-B1A7-46A2-A92A-03D0813742AF}"
EndProject
Project("{2150E333-8FDC-42A3-9474-1A3956D46DE8}") = "003_BuilderDesignPattern", "003_BuilderDesignPattern", "{22D442C9-8C92-4DF9-A986-EA701A0D9047}"
EndProject
Project("{2150E333-8FDC-42A3-9474-1A3956D46DE8}") = "004_FactoryDesignPattern", "004_FactoryDesignPattern", "{69DFB9B3-096E-4F5C-801B-FD4FCD0CACA1}"
EndProject
Project("{2150E333-8FDC-42A3-9474-1A3956D46DE8}") = "005_AbstractFactoryDesignPattern", "005_AbstractFactoryDesignPattern", "{24E54F1C-F337-49F2-843A-EF8A23CA7CD3}"
EndProject
Project("{2150E333-8FDC-42A3-9474-1A3956D46DE8}") = "006_AdapterDesignPattern", "006_AdapterDesignPattern", "{F0357FF3-5293-4D9D-888C-F4D3CC0C2ED8}"
EndProject
Project("{2150E333-8FDC-42A3-9474-1A3956D46DE8}") = "007_BridgeDesignPattern", "007_BridgeDesignPattern", "{609924AF-86FA-46F0-8866-D575E0730FA2}"
EndProject
Project("{2150E333-8FDC-42A3-9474-1A3956D46DE8}") = "008_CompositeDesignPattern", "008_CompositeDesignPattern", "{BED6ADA5-B9D1-4A5A-8A0F-8EF5AA1A4F0A}"
EndProject
Project("{2150E333-8FDC-42A3-9474-1A3956D46DE8}") = "009_DecoratorDesignPattern", "009_DecoratorDesignPattern", "{1C1AC425-C437-4511-BFA5-B46F5B623DA3}"
EndProject
Project("{2150E333-8FDC-42A3-9474-1A3956D46DE8}") = "010_FacadeDesignPattern", "010_FacadeDesignPattern", "{EB884FD8-F2F0-4B8B-8D33-F638C4F96B98}"
EndProject
Project("{2150E333-8FDC-42A3-9474-1A3956D46DE8}") = "011_FlyWeightDesignPattern", "011_FlyWeightDesignPattern", "{12D9890B-A417-4501-ACC0-BA25F65C17E6}"
EndProject
Project("{2150E333-8FDC-42A3-9474-1A3956D46DE8}") = "012_ProxyDesignPattern", "012_ProxyDesignPattern", "{96EE0B82-80DE-43AA-909F-97EE9E03F826}"
EndProject
Project("{2150E333-8FDC-42A3-9474-1A3956D46DE8}") = "000_CIM-NO-STV", "000_CIM-NO-STV", "{145D69BF-92C4-4FEC-B7B8-82796A989026}"
EndProject
Project("{2150E333-8FDC-42A3-9474-1A3956D46DE8}") = "013_ChainOfResponsibilityDesignPattern", "013_ChainOfResponsibilityDesignPattern", "{4EF09F6F-B05B-49C5-813C-48950CEB7E2C}"
EndProject
Project("{2150E333-8FDC-42A3-9474-1A3956D46DE8}") = "014_CommandDesignPattern", "014_CommandDesignPattern", "{6DEB3D48-84BD-4D07-9672-0019346050D7}"
EndProject
Project("{2150E333-8FDC-42A3-9474-1A3956D46DE8}") = "015_IteratorDesignPattern", "015_IteratorDesignPattern", "{FF2A07A4-7E74-4FBE-AD14-5773AFDEF601}"
EndProject
Project("{2150E333-8FDC-42A3-9474-1A3956D46DE8}") = "016_InterpreterDesignPattern", "016_InterpreterDesignPattern", "{D03ECAED-80E4-424B-8B9E-842B244D301F}"
EndProject
Project("{2150E333-8FDC-42A3-9474-1A3956D46DE8}") = "017_MementoDesignPattern", "017_MementoDesignPattern", "{14B7DBC8-F8CD-4437-9C8F-5E332C9F0915}"
EndProject
Project("{2150E333-8FDC-42A3-9474-1A3956D46DE8}") = "018_MediatorDesignPattern", "018_MediatorDesignPattern", "{7DC9815A-D9C4-4D84-BEE8-56F63E2090A1}"
EndProject
Project("{2150E333-8FDC-42A3-9474-1A3956D46DE8}") = "019_NullObjectDesignPattern", "019_NullObjectDesignPattern", "{173250FA-08E6-4BEE-8960-61429C84F86A}"
EndProject
Project("{2150E333-8FDC-42A3-9474-1A3956D46DE8}") = "022_StrategyDesignPattern", "022_StrategyDesignPattern", "{8FFD25EE-B0A2-4D53-BD6D-B8DF7F4CCCE9}"
EndProject
Project("{2150E333-8FDC-42A3-9474-1A3956D46DE8}") = "023_TemplateDesignPattern", "023_TemplateDesignPattern", "{F6D1DF31-1C1A-4FA2-A0FD-2FD6107DD7D1}"
EndProject
Project("{2150E333-8FDC-42A3-9474-1A3956D46DE8}") = "024_VisitorDesignPattern", "024_VisitorDesignPattern", "{2C92643E-3C58-424B-A70E-8D54EA8BE3CF}"
EndProject
Project("{2150E333-8FDC-42A3-9474-1A3956D46DE8}") = "020_ObserverDesignPattern", "020_ObserverDesignPattern", "{15DDB291-8156-42E6-9AA0-0066BDE39C89}"
EndProject
Project("{2150E333-8FDC-42A3-9474-1A3956D46DE8}") = "021_StateDesignPattern", "021_StateDesignPattern", "{651C0B01-C2A1-4257-8B86-722E78B7E50B}"
EndProject
Project("{FAE04EC0-301F-11D3-BF4B-00C04F79EFBC}") = "001_SingletonDesignPattern", "001_SingletonDesignPattern\001_SingletonDesignPattern.csproj", "{21D49AFC-3955-4EF7-B0D3-D108D7664B98}"
EndProject
Project("{FAE04EC0-301F-11D3-BF4B-00C04F79EFBC}") = "001_PrototypeDesignPattern", "001_PrototypeDesignPattern\001_PrototypeDesignPattern.csproj", "{F6412D7B-9D46-4A88-B5F2-8CD420FE5B18}"
EndProject
Project("{FAE04EC0-301F-11D3-BF4B-00C04F79EFBC}") = "002_PrototypeDesignPatternUsingProtobuf", "002_PrototypeDesignPatternUsingProtobuf\002_PrototypeDesignPatternUsingProtobuf.csproj", "{B648FE7A-4F73-466F-A647-6062C109D9CF}"
EndProject
Project("{FAE04EC0-301F-11D3-BF4B-00C04F79EFBC}") = "001_BuilderDesignPattern", "001_BuilderDesignPattern\001_BuilderDesignPattern.csproj", "{77547638-4292-406B-9CC6-BC086A2C2AAB}"
EndProject
Project("{FAE04EC0-301F-11D3-BF4B-00C04F79EFBC}") = "001_MemntoDesignPattern", "001_MemntoDesignPattern\001_MemntoDesignPattern.csproj", "{50A31B50-6BC3-4111-80C8-E94967318740}"
EndProject
Project("{FAE04EC0-301F-11D3-BF4B-00C04F79EFBC}") = "001_ProxyDesignPattern", "001_ProxyDesignPattern\001_ProxyDesignPattern.csproj", "{17DCAB83-28D9-491E-B94C-CB88305F08B1}"
EndProject
Project("{FAE04EC0-301F-11D3-BF4B-00C04F79EFBC}") = "001_FlyWeightDesignPattern", "001_FlyWeightDesignPattern\001_FlyWeightDesignPattern.csproj", "{55F9FA1A-773D-4EC3-A5CA-5FEC1B063B21}"
EndProject
Project("{FAE04EC0-301F-11D3-BF4B-00C04F79EFBC}") = "001_MediatorDesignPattern", "001_MediatorDesignPattern\001_MediatorDesignPattern.csproj", "{B9B4C64F-4ED6-4ABB-8721-BC13CF75F96D}"
EndProject
Project("{FAE04EC0-301F-11D3-BF4B-00C04F79EFBC}") = "001_NullObjectDesignPattern", "011_NullObjectDesignPattern\001_NullObjectDesignPattern.csproj", "{330A4463-BB62-4739-960B-EF963CF0F82F}"
EndProject
Global
	GlobalSection(SolutionConfigurationPlatforms) = preSolution
		Debug|Any CPU = Debug|Any CPU
		Release|Any CPU = Release|Any CPU
	EndGlobalSection
	GlobalSection(ProjectConfigurationPlatforms) = postSolution
		{D81D5CBE-E74D-41E5-A72F-2989D8C3E964}.Debug|Any CPU.ActiveCfg = Debug|Any CPU
		{D81D5CBE-E74D-41E5-A72F-2989D8C3E964}.Debug|Any CPU.Build.0 = Debug|Any CPU
		{D81D5CBE-E74D-41E5-A72F-2989D8C3E964}.Release|Any CPU.ActiveCfg = Release|Any CPU
		{D81D5CBE-E74D-41E5-A72F-2989D8C3E964}.Release|Any CPU.Build.0 = Release|Any CPU
		{21D49AFC-3955-4EF7-B0D3-D108D7664B98}.Debug|Any CPU.ActiveCfg = Debug|Any CPU
		{21D49AFC-3955-4EF7-B0D3-D108D7664B98}.Debug|Any CPU.Build.0 = Debug|Any CPU
		{21D49AFC-3955-4EF7-B0D3-D108D7664B98}.Release|Any CPU.ActiveCfg = Release|Any CPU
		{21D49AFC-3955-4EF7-B0D3-D108D7664B98}.Release|Any CPU.Build.0 = Release|Any CPU
		{F6412D7B-9D46-4A88-B5F2-8CD420FE5B18}.Debug|Any CPU.ActiveCfg = Debug|Any CPU
		{F6412D7B-9D46-4A88-B5F2-8CD420FE5B18}.Debug|Any CPU.Build.0 = Debug|Any CPU
		{F6412D7B-9D46-4A88-B5F2-8CD420FE5B18}.Release|Any CPU.ActiveCfg = Release|Any CPU
		{F6412D7B-9D46-4A88-B5F2-8CD420FE5B18}.Release|Any CPU.Build.0 = Release|Any CPU
		{B648FE7A-4F73-466F-A647-6062C109D9CF}.Debug|Any CPU.ActiveCfg = Debug|Any CPU
		{B648FE7A-4F73-466F-A647-6062C109D9CF}.Debug|Any CPU.Build.0 = Debug|Any CPU
		{B648FE7A-4F73-466F-A647-6062C109D9CF}.Release|Any CPU.ActiveCfg = Release|Any CPU
		{B648FE7A-4F73-466F-A647-6062C109D9CF}.Release|Any CPU.Build.0 = Release|Any CPU
		{77547638-4292-406B-9CC6-BC086A2C2AAB}.Debug|Any CPU.ActiveCfg = Debug|Any CPU
		{77547638-4292-406B-9CC6-BC086A2C2AAB}.Debug|Any CPU.Build.0 = Debug|Any CPU
		{77547638-4292-406B-9CC6-BC086A2C2AAB}.Release|Any CPU.ActiveCfg = Release|Any CPU
		{77547638-4292-406B-9CC6-BC086A2C2AAB}.Release|Any CPU.Build.0 = Release|Any CPU
		{50A31B50-6BC3-4111-80C8-E94967318740}.Debug|Any CPU.ActiveCfg = Debug|Any CPU
		{50A31B50-6BC3-4111-80C8-E94967318740}.Debug|Any CPU.Build.0 = Debug|Any CPU
		{50A31B50-6BC3-4111-80C8-E94967318740}.Release|Any CPU.ActiveCfg = Release|Any CPU
		{50A31B50-6BC3-4111-80C8-E94967318740}.Release|Any CPU.Build.0 = Release|Any CPU
		{17DCAB83-28D9-491E-B94C-CB88305F08B1}.Debug|Any CPU.ActiveCfg = Debug|Any CPU
		{17DCAB83-28D9-491E-B94C-CB88305F08B1}.Debug|Any CPU.Build.0 = Debug|Any CPU
		{17DCAB83-28D9-491E-B94C-CB88305F08B1}.Release|Any CPU.ActiveCfg = Release|Any CPU
		{17DCAB83-28D9-491E-B94C-CB88305F08B1}.Release|Any CPU.Build.0 = Release|Any CPU
		{55F9FA1A-773D-4EC3-A5CA-5FEC1B063B21}.Debug|Any CPU.ActiveCfg = Debug|Any CPU
		{55F9FA1A-773D-4EC3-A5CA-5FEC1B063B21}.Debug|Any CPU.Build.0 = Debug|Any CPU
		{55F9FA1A-773D-4EC3-A5CA-5FEC1B063B21}.Release|Any CPU.ActiveCfg = Release|Any CPU
		{55F9FA1A-773D-4EC3-A5CA-5FEC1B063B21}.Release|Any CPU.Build.0 = Release|Any CPU
		{B9B4C64F-4ED6-4ABB-8721-BC13CF75F96D}.Debug|Any CPU.ActiveCfg = Debug|Any CPU
		{B9B4C64F-4ED6-4ABB-8721-BC13CF75F96D}.Debug|Any CPU.Build.0 = Debug|Any CPU
		{B9B4C64F-4ED6-4ABB-8721-BC13CF75F96D}.Release|Any CPU.ActiveCfg = Release|Any CPU
		{B9B4C64F-4ED6-4ABB-8721-BC13CF75F96D}.Release|Any CPU.Build.0 = Release|Any CPU
		{330A4463-BB62-4739-960B-EF963CF0F82F}.Debug|Any CPU.ActiveCfg = Debug|Any CPU
		{330A4463-BB62-4739-960B-EF963CF0F82F}.Debug|Any CPU.Build.0 = Debug|Any CPU
		{330A4463-BB62-4739-960B-EF963CF0F82F}.Release|Any CPU.ActiveCfg = Release|Any CPU
		{330A4463-BB62-4739-960B-EF963CF0F82F}.Release|Any CPU.Build.0 = Release|Any CPU
	EndGlobalSection
	GlobalSection(SolutionProperties) = preSolution
		HideSolutionNode = FALSE
	EndGlobalSection
	GlobalSection(NestedProjects) = preSolution
		{2A4DDBE8-6AB8-4A94-A1A6-F07CD71582C5} = {B4F7DA83-7A77-406D-BFD4-56B05ED9D5FF}
		{5016C83C-B1A7-46A2-A92A-03D0813742AF} = {B4F7DA83-7A77-406D-BFD4-56B05ED9D5FF}
		{22D442C9-8C92-4DF9-A986-EA701A0D9047} = {B4F7DA83-7A77-406D-BFD4-56B05ED9D5FF}
		{69DFB9B3-096E-4F5C-801B-FD4FCD0CACA1} = {B4F7DA83-7A77-406D-BFD4-56B05ED9D5FF}
		{24E54F1C-F337-49F2-843A-EF8A23CA7CD3} = {B4F7DA83-7A77-406D-BFD4-56B05ED9D5FF}
		{F0357FF3-5293-4D9D-888C-F4D3CC0C2ED8} = {33AA4221-BA36-4DA7-90D0-9F405B7FF2B1}
		{609924AF-86FA-46F0-8866-D575E0730FA2} = {33AA4221-BA36-4DA7-90D0-9F405B7FF2B1}
		{BED6ADA5-B9D1-4A5A-8A0F-8EF5AA1A4F0A} = {33AA4221-BA36-4DA7-90D0-9F405B7FF2B1}
		{1C1AC425-C437-4511-BFA5-B46F5B623DA3} = {33AA4221-BA36-4DA7-90D0-9F405B7FF2B1}
		{EB884FD8-F2F0-4B8B-8D33-F638C4F96B98} = {33AA4221-BA36-4DA7-90D0-9F405B7FF2B1}
		{12D9890B-A417-4501-ACC0-BA25F65C17E6} = {33AA4221-BA36-4DA7-90D0-9F405B7FF2B1}
		{96EE0B82-80DE-43AA-909F-97EE9E03F826} = {33AA4221-BA36-4DA7-90D0-9F405B7FF2B1}
		{145D69BF-92C4-4FEC-B7B8-82796A989026} = {A2335759-7B1B-4DAF-BB68-F4B27BBE5FB7}
		{4EF09F6F-B05B-49C5-813C-48950CEB7E2C} = {A2335759-7B1B-4DAF-BB68-F4B27BBE5FB7}
		{6DEB3D48-84BD-4D07-9672-0019346050D7} = {A2335759-7B1B-4DAF-BB68-F4B27BBE5FB7}
		{FF2A07A4-7E74-4FBE-AD14-5773AFDEF601} = {A2335759-7B1B-4DAF-BB68-F4B27BBE5FB7}
		{D03ECAED-80E4-424B-8B9E-842B244D301F} = {A2335759-7B1B-4DAF-BB68-F4B27BBE5FB7}
		{14B7DBC8-F8CD-4437-9C8F-5E332C9F0915} = {A2335759-7B1B-4DAF-BB68-F4B27BBE5FB7}
		{7DC9815A-D9C4-4D84-BEE8-56F63E2090A1} = {A2335759-7B1B-4DAF-BB68-F4B27BBE5FB7}
		{173250FA-08E6-4BEE-8960-61429C84F86A} = {A2335759-7B1B-4DAF-BB68-F4B27BBE5FB7}
		{8FFD25EE-B0A2-4D53-BD6D-B8DF7F4CCCE9} = {A2335759-7B1B-4DAF-BB68-F4B27BBE5FB7}
		{F6D1DF31-1C1A-4FA2-A0FD-2FD6107DD7D1} = {A2335759-7B1B-4DAF-BB68-F4B27BBE5FB7}
		{2C92643E-3C58-424B-A70E-8D54EA8BE3CF} = {A2335759-7B1B-4DAF-BB68-F4B27BBE5FB7}
		{15DDB291-8156-42E6-9AA0-0066BDE39C89} = {A2335759-7B1B-4DAF-BB68-F4B27BBE5FB7}
		{651C0B01-C2A1-4257-8B86-722E78B7E50B} = {A2335759-7B1B-4DAF-BB68-F4B27BBE5FB7}
		{21D49AFC-3955-4EF7-B0D3-D108D7664B98} = {2A4DDBE8-6AB8-4A94-A1A6-F07CD71582C5}
		{F6412D7B-9D46-4A88-B5F2-8CD420FE5B18} = {5016C83C-B1A7-46A2-A92A-03D0813742AF}
		{B648FE7A-4F73-466F-A647-6062C109D9CF} = {5016C83C-B1A7-46A2-A92A-03D0813742AF}
		{77547638-4292-406B-9CC6-BC086A2C2AAB} = {22D442C9-8C92-4DF9-A986-EA701A0D9047}
		{50A31B50-6BC3-4111-80C8-E94967318740} = {14B7DBC8-F8CD-4437-9C8F-5E332C9F0915}
		{17DCAB83-28D9-491E-B94C-CB88305F08B1} = {96EE0B82-80DE-43AA-909F-97EE9E03F826}
		{55F9FA1A-773D-4EC3-A5CA-5FEC1B063B21} = {12D9890B-A417-4501-ACC0-BA25F65C17E6}
		{B9B4C64F-4ED6-4ABB-8721-BC13CF75F96D} = {7DC9815A-D9C4-4D84-BEE8-56F63E2090A1}
		{330A4463-BB62-4739-960B-EF963CF0F82F} = {173250FA-08E6-4BEE-8960-61429C84F86A}
	EndGlobalSection
	GlobalSection(ExtensibilityGlobals) = postSolution
		SolutionGuid = {9F7AFF82-47AB-4F04-8A14-224AA2D32917}
	EndGlobalSection
EndGlobal
